<?xml version="1.0" encoding="UTF-8"?>
<!DOCTYPE plist PUBLIC "-//Apple//DTD PLIST 1.0//EN" "http://www.apple.com/DTDs/PropertyList-1.0.dtd">
<plist version="1.0">
<dict>
	<key>archiveVersion</key>
	<string>1</string>
	<key>classes</key>
	<dict/>
	<key>objectVersion</key>
	<string>46</string>
	<key>objects</key>
	<dict>
		<key>13E5404F8D0AA15F9CE34932</key>
		<dict>
			<key>fileRef</key>
			<string>9C44292DFAD3C707172C5C99</string>
			<key>isa</key>
			<string>PBXBuildFile</string>
		</dict>
		<key>6F05BCA5A1E8463191B58131</key>
		<dict>
			<key>buildActionMask</key>
			<string>2147483647</string>
			<key>files</key>
			<array/>
			<key>inputPaths</key>
			<array/>
			<key>isa</key>
			<string>PBXShellScriptBuildPhase</string>
			<key>name</key>
			<string>Check Pods Manifest.lock</string>
			<key>outputPaths</key>
			<array/>
			<key>runOnlyForDeploymentPostprocessing</key>
			<string>0</string>
			<key>shellPath</key>
			<string>/bin/sh</string>
			<key>shellScript</key>
			<string>diff "${PODS_ROOT}/../Podfile.lock" "${PODS_ROOT}/Manifest.lock" &gt; /dev/null
if [[ $? != 0 ]] ; then
    cat &lt;&lt; EOM
error: The sandbox is not in sync with the Podfile.lock. Run 'pod install' or update your CocoaPods installation.
EOM
    exit 1
fi
</string>
			<key>showEnvVarsInLog</key>
			<string>0</string>
		</dict>
		<key>8F191778237DD23CA8059B40</key>
		<dict>
			<key>includeInIndex</key>
			<string>1</string>
			<key>isa</key>
			<string>PBXFileReference</string>
			<key>lastKnownFileType</key>
			<string>text.xcconfig</string>
			<key>name</key>
			<string>Pods-test.release.xcconfig</string>
			<key>path</key>
			<string>Pods/Target Support Files/Pods-test/Pods-test.release.xcconfig</string>
			<key>sourceTree</key>
			<string>&lt;group&gt;</string>
		</dict>
		<key>909F75E3B64BE1E9123D39D3</key>
		<dict>
			<key>includeInIndex</key>
			<string>1</string>
			<key>isa</key>
			<string>PBXFileReference</string>
			<key>lastKnownFileType</key>
			<string>text.xcconfig</string>
			<key>name</key>
			<string>Pods-test.debug.xcconfig</string>
			<key>path</key>
			<string>Pods/Target Support Files/Pods-test/Pods-test.debug.xcconfig</string>
			<key>sourceTree</key>
			<string>&lt;group&gt;</string>
		</dict>
		<key>9C44292DFAD3C707172C5C99</key>
		<dict>
			<key>explicitFileType</key>
			<string>archive.ar</string>
			<key>includeInIndex</key>
			<string>0</string>
			<key>isa</key>
			<string>PBXFileReference</string>
			<key>path</key>
			<string>libPods-test.a</string>
			<key>sourceTree</key>
			<string>BUILT_PRODUCTS_DIR</string>
		</dict>
		<key>C810576E1ACBD04A00CD0D55</key>
		<dict>
			<key>children</key>
			<array>
				<string>C810576F1ACBD04A00CD0D55</string>
				<string>C81057701ACBD04A00CD0D55</string>
				<string>C81057711ACBD04A00CD0D55</string>
				<string>C81057721ACBD04A00CD0D55</string>
				<string>C81057731ACBD04A00CD0D55</string>
				<string>C81057741ACBD04A00CD0D55</string>
				<string>C81057751ACBD04A00CD0D55</string>
				<string>C81057761ACBD04A00CD0D55</string>
			</array>
			<key>isa</key>
			<string>PBXGroup</string>
			<key>path</key>
			<string>MovingAnnotationSource</string>
			<key>sourceTree</key>
			<string>&lt;group&gt;</string>
		</dict>
		<key>C810576F1ACBD04A00CD0D55</key>
		<dict>
			<key>fileEncoding</key>
			<string>4</string>
			<key>isa</key>
			<string>PBXFileReference</string>
			<key>lastKnownFileType</key>
			<string>sourcecode.c.h</string>
			<key>path</key>
			<string>CACoordLayer.h</string>
			<key>sourceTree</key>
			<string>&lt;group&gt;</string>
		</dict>
		<key>C81057701ACBD04A00CD0D55</key>
		<dict>
			<key>fileEncoding</key>
			<string>4</string>
			<key>isa</key>
			<string>PBXFileReference</string>
			<key>lastKnownFileType</key>
			<string>sourcecode.c.objc</string>
			<key>path</key>
			<string>CACoordLayer.m</string>
			<key>sourceTree</key>
			<string>&lt;group&gt;</string>
		</dict>
		<key>C81057711ACBD04A00CD0D55</key>
		<dict>
			<key>fileEncoding</key>
			<string>4</string>
			<key>isa</key>
			<string>PBXFileReference</string>
			<key>lastKnownFileType</key>
			<string>sourcecode.c.h</string>
			<key>path</key>
			<string>MovingAnnotationView.h</string>
			<key>sourceTree</key>
			<string>&lt;group&gt;</string>
		</dict>
		<key>C81057721ACBD04A00CD0D55</key>
		<dict>
			<key>fileEncoding</key>
			<string>4</string>
			<key>isa</key>
			<string>PBXFileReference</string>
			<key>lastKnownFileType</key>
			<string>sourcecode.c.objc</string>
			<key>path</key>
			<string>MovingAnnotationView.m</string>
			<key>sourceTree</key>
			<string>&lt;group&gt;</string>
		</dict>
		<key>C81057731ACBD04A00CD0D55</key>
		<dict>
			<key>fileEncoding</key>
			<string>4</string>
			<key>isa</key>
			<string>PBXFileReference</string>
			<key>lastKnownFileType</key>
			<string>sourcecode.c.h</string>
			<key>path</key>
			<string>TracingPoint.h</string>
			<key>sourceTree</key>
			<string>&lt;group&gt;</string>
		</dict>
		<key>C81057741ACBD04A00CD0D55</key>
		<dict>
			<key>fileEncoding</key>
			<string>4</string>
			<key>isa</key>
			<string>PBXFileReference</string>
			<key>lastKnownFileType</key>
			<string>sourcecode.c.objc</string>
			<key>path</key>
			<string>TracingPoint.m</string>
			<key>sourceTree</key>
			<string>&lt;group&gt;</string>
		</dict>
		<key>C81057751ACBD04A00CD0D55</key>
		<dict>
			<key>fileEncoding</key>
			<string>4</string>
			<key>isa</key>
			<string>PBXFileReference</string>
			<key>lastKnownFileType</key>
			<string>sourcecode.c.h</string>
			<key>path</key>
			<string>Util.h</string>
			<key>sourceTree</key>
			<string>&lt;group&gt;</string>
		</dict>
		<key>C81057761ACBD04A00CD0D55</key>
		<dict>
			<key>fileEncoding</key>
			<string>4</string>
			<key>isa</key>
			<string>PBXFileReference</string>
			<key>lastKnownFileType</key>
			<string>sourcecode.c.objc</string>
			<key>path</key>
			<string>Util.m</string>
			<key>sourceTree</key>
			<string>&lt;group&gt;</string>
		</dict>
		<key>C81057771ACBD04A00CD0D55</key>
		<dict>
			<key>fileRef</key>
			<string>C81057701ACBD04A00CD0D55</string>
			<key>isa</key>
			<string>PBXBuildFile</string>
		</dict>
		<key>C81057781ACBD04A00CD0D55</key>
		<dict>
			<key>fileRef</key>
			<string>C81057721ACBD04A00CD0D55</string>
			<key>isa</key>
			<string>PBXBuildFile</string>
		</dict>
		<key>C81057791ACBD04A00CD0D55</key>
		<dict>
			<key>fileRef</key>
			<string>C81057741ACBD04A00CD0D55</string>
			<key>isa</key>
			<string>PBXBuildFile</string>
		</dict>
		<key>C810577A1ACBD04A00CD0D55</key>
		<dict>
			<key>fileRef</key>
			<string>C81057761ACBD04A00CD0D55</string>
			<key>isa</key>
			<string>PBXBuildFile</string>
		</dict>
		<key>C81B1E0819F4F34C005D0DCB</key>
		<dict>
			<key>isa</key>
			<string>PBXFileReference</string>
			<key>lastKnownFileType</key>
			<string>image.png</string>
			<key>path</key>
			<string>trackingPoints.png</string>
			<key>sourceTree</key>
			<string>&lt;group&gt;</string>
		</dict>
		<key>C81B1E0919F4F34C005D0DCB</key>
		<dict>
			<key>fileRef</key>
			<string>C81B1E0819F4F34C005D0DCB</string>
			<key>isa</key>
			<string>PBXBuildFile</string>
		</dict>
		<key>C88B8A7519A48714005D2A93</key>
		<dict>
			<key>children</key>
			<array>
				<string>C88B8A8719A48714005D2A93</string>
				<string>C88B8AA619A48714005D2A93</string>
				<string>C88B8A8019A48714005D2A93</string>
				<string>C88B8A7F19A48714005D2A93</string>
				<string>E5D72573FC1AC8B85F7A5DB6</string>
			</array>
			<key>isa</key>
			<string>PBXGroup</string>
			<key>sourceTree</key>
			<string>&lt;group&gt;</string>
		</dict>
		<key>C88B8A7619A48714005D2A93</key>
		<dict>
			<key>attributes</key>
			<dict>
				<key>LastUpgradeCheck</key>
				<string>0510</string>
				<key>ORGANIZATIONNAME</key>
				<string>yi chen</string>
				<key>TargetAttributes</key>
				<dict>
					<key>C88B8A9E19A48714005D2A93</key>
					<dict>
						<key>TestTargetID</key>
						<string>C88B8A7D19A48714005D2A93</string>
					</dict>
				</dict>
			</dict>
			<key>buildConfigurationList</key>
			<string>C88B8A7919A48714005D2A93</string>
			<key>compatibilityVersion</key>
			<string>Xcode 3.2</string>
			<key>developmentRegion</key>
			<string>English</string>
			<key>hasScannedForEncodings</key>
			<string>0</string>
			<key>isa</key>
			<string>PBXProject</string>
			<key>knownRegions</key>
			<array>
				<string>en</string>
				<string>Base</string>
			</array>
			<key>mainGroup</key>
			<string>C88B8A7519A48714005D2A93</string>
			<key>productRefGroup</key>
			<string>C88B8A7F19A48714005D2A93</string>
			<key>projectDirPath</key>
			<string></string>
			<key>projectReferences</key>
			<array/>
			<key>projectRoot</key>
			<string></string>
			<key>targets</key>
			<array>
				<string>C88B8A7D19A48714005D2A93</string>
				<string>C88B8A9E19A48714005D2A93</string>
			</array>
		</dict>
		<key>C88B8A7919A48714005D2A93</key>
		<dict>
			<key>buildConfigurations</key>
			<array>
				<string>C88B8AAE19A48714005D2A93</string>
				<string>C88B8AAF19A48714005D2A93</string>
			</array>
			<key>defaultConfigurationIsVisible</key>
			<string>0</string>
			<key>defaultConfigurationName</key>
			<string>Release</string>
			<key>isa</key>
			<string>XCConfigurationList</string>
		</dict>
		<key>C88B8A7A19A48714005D2A93</key>
		<dict>
			<key>buildActionMask</key>
			<string>2147483647</string>
			<key>files</key>
			<array>
				<string>C88B8A9819A48714005D2A93</string>
				<string>C81057771ACBD04A00CD0D55</string>
				<string>C88B8A9219A48714005D2A93</string>
				<string>C88B8A8E19A48714005D2A93</string>
				<string>C81057781ACBD04A00CD0D55</string>
				<string>C81057791ACBD04A00CD0D55</string>
				<string>C810577A1ACBD04A00CD0D55</string>
			</array>
			<key>isa</key>
			<string>PBXSourcesBuildPhase</string>
			<key>runOnlyForDeploymentPostprocessing</key>
			<string>0</string>
		</dict>
		<key>C88B8A7B19A48714005D2A93</key>
		<dict>
			<key>buildActionMask</key>
			<string>2147483647</string>
			<key>files</key>
			<array>
				<string>C88B8A8419A48714005D2A93</string>
				<string>C88B8A8619A48714005D2A93</string>
				<string>C88B8A8219A48714005D2A93</string>
				<string>13E5404F8D0AA15F9CE34932</string>
			</array>
			<key>isa</key>
			<string>PBXFrameworksBuildPhase</string>
			<key>runOnlyForDeploymentPostprocessing</key>
			<string>0</string>
		</dict>
		<key>C88B8A7C19A48714005D2A93</key>
		<dict>
			<key>buildActionMask</key>
			<string>2147483647</string>
			<key>files</key>
			<array>
				<string>C8E196401ABA7A180022A973</string>
				<string>C88B8A9A19A48714005D2A93</string>
				<string>C8E1963F1ABA7A180022A973</string>
				<string>C81B1E0919F4F34C005D0DCB</string>
				<string>C88B8A8C19A48714005D2A93</string>
				<string>C88B8A9519A48714005D2A93</string>
			</array>
			<key>isa</key>
			<string>PBXResourcesBuildPhase</string>
			<key>runOnlyForDeploymentPostprocessing</key>
			<string>0</string>
		</dict>
		<key>C88B8A7D19A48714005D2A93</key>
		<dict>
			<key>buildConfigurationList</key>
			<string>C88B8AB019A48714005D2A93</string>
			<key>buildPhases</key>
			<array>
				<string>6F05BCA5A1E8463191B58131</string>
				<string>C88B8A7A19A48714005D2A93</string>
				<string>C88B8A7B19A48714005D2A93</string>
				<string>C88B8A7C19A48714005D2A93</string>
				<string>DE683C44701D4F1C86798750</string>
			</array>
			<key>buildRules</key>
			<array/>
			<key>dependencies</key>
			<array/>
			<key>isa</key>
			<string>PBXNativeTarget</string>
			<key>name</key>
			<string>test</string>
			<key>productName</key>
			<string>test</string>
			<key>productReference</key>
			<string>C88B8A7E19A48714005D2A93</string>
			<key>productType</key>
			<string>com.apple.product-type.application</string>
		</dict>
		<key>C88B8A7E19A48714005D2A93</key>
		<dict>
			<key>explicitFileType</key>
			<string>wrapper.application</string>
			<key>includeInIndex</key>
			<string>0</string>
			<key>isa</key>
			<string>PBXFileReference</string>
			<key>path</key>
			<string>test.app</string>
			<key>sourceTree</key>
			<string>BUILT_PRODUCTS_DIR</string>
		</dict>
		<key>C88B8A7F19A48714005D2A93</key>
		<dict>
			<key>children</key>
			<array>
				<string>C88B8A7E19A48714005D2A93</string>
				<string>C88B8A9F19A48714005D2A93</string>
			</array>
			<key>isa</key>
			<string>PBXGroup</string>
			<key>name</key>
			<string>Products</string>
			<key>sourceTree</key>
			<string>&lt;group&gt;</string>
		</dict>
		<key>C88B8A8019A48714005D2A93</key>
		<dict>
			<key>children</key>
			<array>
				<string>C88B8A8119A48714005D2A93</string>
				<string>C88B8A8319A48714005D2A93</string>
				<string>C88B8A8519A48714005D2A93</string>
				<string>9C44292DFAD3C707172C5C99</string>
			</array>
			<key>isa</key>
			<string>PBXGroup</string>
			<key>name</key>
			<string>Frameworks</string>
			<key>sourceTree</key>
			<string>&lt;group&gt;</string>
		</dict>
		<key>C88B8A8119A48714005D2A93</key>
		<dict>
			<key>isa</key>
			<string>PBXFileReference</string>
			<key>lastKnownFileType</key>
			<string>wrapper.framework</string>
			<key>name</key>
			<string>Foundation.framework</string>
			<key>path</key>
			<string>System/Library/Frameworks/Foundation.framework</string>
			<key>sourceTree</key>
			<string>SDKROOT</string>
		</dict>
		<key>C88B8A8219A48714005D2A93</key>
		<dict>
			<key>fileRef</key>
			<string>C88B8A8119A48714005D2A93</string>
			<key>isa</key>
			<string>PBXBuildFile</string>
		</dict>
		<key>C88B8A8319A48714005D2A93</key>
		<dict>
			<key>isa</key>
			<string>PBXFileReference</string>
			<key>lastKnownFileType</key>
			<string>wrapper.framework</string>
			<key>name</key>
			<string>CoreGraphics.framework</string>
			<key>path</key>
			<string>System/Library/Frameworks/CoreGraphics.framework</string>
			<key>sourceTree</key>
			<string>SDKROOT</string>
		</dict>
		<key>C88B8A8419A48714005D2A93</key>
		<dict>
			<key>fileRef</key>
			<string>C88B8A8319A48714005D2A93</string>
			<key>isa</key>
			<string>PBXBuildFile</string>
		</dict>
		<key>C88B8A8519A48714005D2A93</key>
		<dict>
			<key>isa</key>
			<string>PBXFileReference</string>
			<key>lastKnownFileType</key>
			<string>wrapper.framework</string>
			<key>name</key>
			<string>UIKit.framework</string>
			<key>path</key>
			<string>System/Library/Frameworks/UIKit.framework</string>
			<key>sourceTree</key>
			<string>SDKROOT</string>
		</dict>
		<key>C88B8A8619A48714005D2A93</key>
		<dict>
			<key>fileRef</key>
			<string>C88B8A8519A48714005D2A93</string>
			<key>isa</key>
			<string>PBXBuildFile</string>
		</dict>
		<key>C88B8A8719A48714005D2A93</key>
		<dict>
			<key>children</key>
			<array>
				<string>C810576E1ACBD04A00CD0D55</string>
				<string>C81B1E0819F4F34C005D0DCB</string>
				<string>C8E1963D1ABA7A180022A973</string>
				<string>C8E1963E1ABA7A180022A973</string>
				<string>C88B8A9019A48714005D2A93</string>
				<string>C88B8A9119A48714005D2A93</string>
				<string>C88B8A9319A48714005D2A93</string>
				<string>C88B8A9619A48714005D2A93</string>
				<string>C88B8A9719A48714005D2A93</string>
				<string>C88B8A9919A48714005D2A93</string>
				<string>C88B8A8819A48714005D2A93</string>
			</array>
			<key>isa</key>
			<string>PBXGroup</string>
			<key>path</key>
			<string>test</string>
			<key>sourceTree</key>
			<string>&lt;group&gt;</string>
		</dict>
		<key>C88B8A8819A48714005D2A93</key>
		<dict>
			<key>children</key>
			<array>
				<string>C88B8A8919A48714005D2A93</string>
				<string>C88B8A8A19A48714005D2A93</string>
				<string>C88B8A8D19A48714005D2A93</string>
				<string>C88B8A8F19A48714005D2A93</string>
			</array>
			<key>isa</key>
			<string>PBXGroup</string>
			<key>name</key>
			<string>Supporting Files</string>
			<key>sourceTree</key>
			<string>&lt;group&gt;</string>
		</dict>
		<key>C88B8A8919A48714005D2A93</key>
		<dict>
			<key>isa</key>
			<string>PBXFileReference</string>
			<key>lastKnownFileType</key>
			<string>text.plist.xml</string>
			<key>path</key>
			<string>test-Info.plist</string>
			<key>sourceTree</key>
			<string>&lt;group&gt;</string>
		</dict>
		<key>C88B8A8A19A48714005D2A93</key>
		<dict>
			<key>children</key>
			<array>
				<string>C88B8A8B19A48714005D2A93</string>
			</array>
			<key>isa</key>
			<string>PBXVariantGroup</string>
			<key>name</key>
			<string>InfoPlist.strings</string>
			<key>sourceTree</key>
			<string>&lt;group&gt;</string>
		</dict>
		<key>C88B8A8B19A48714005D2A93</key>
		<dict>
			<key>isa</key>
			<string>PBXFileReference</string>
			<key>lastKnownFileType</key>
			<string>text.plist.strings</string>
			<key>name</key>
			<string>en</string>
			<key>path</key>
			<string>en.lproj/InfoPlist.strings</string>
			<key>sourceTree</key>
			<string>&lt;group&gt;</string>
		</dict>
		<key>C88B8A8C19A48714005D2A93</key>
		<dict>
			<key>fileRef</key>
			<string>C88B8A8A19A48714005D2A93</string>
			<key>isa</key>
			<string>PBXBuildFile</string>
		</dict>
		<key>C88B8A8D19A48714005D2A93</key>
		<dict>
			<key>isa</key>
			<string>PBXFileReference</string>
			<key>lastKnownFileType</key>
			<string>sourcecode.c.objc</string>
			<key>path</key>
			<string>main.m</string>
			<key>sourceTree</key>
			<string>&lt;group&gt;</string>
		</dict>
		<key>C88B8A8E19A48714005D2A93</key>
		<dict>
			<key>fileRef</key>
			<string>C88B8A8D19A48714005D2A93</string>
			<key>isa</key>
			<string>PBXBuildFile</string>
		</dict>
		<key>C88B8A8F19A48714005D2A93</key>
		<dict>
			<key>isa</key>
			<string>PBXFileReference</string>
			<key>lastKnownFileType</key>
			<string>sourcecode.c.h</string>
			<key>path</key>
			<string>test-Prefix.pch</string>
			<key>sourceTree</key>
			<string>&lt;group&gt;</string>
		</dict>
		<key>C88B8A9019A48714005D2A93</key>
		<dict>
			<key>isa</key>
			<string>PBXFileReference</string>
			<key>lastKnownFileType</key>
			<string>sourcecode.c.h</string>
			<key>path</key>
			<string>AppDelegate.h</string>
			<key>sourceTree</key>
			<string>&lt;group&gt;</string>
		</dict>
		<key>C88B8A9119A48714005D2A93</key>
		<dict>
			<key>isa</key>
			<string>PBXFileReference</string>
			<key>lastKnownFileType</key>
			<string>sourcecode.c.objc</string>
			<key>path</key>
			<string>AppDelegate.m</string>
			<key>sourceTree</key>
			<string>&lt;group&gt;</string>
		</dict>
		<key>C88B8A9219A48714005D2A93</key>
		<dict>
			<key>fileRef</key>
			<string>C88B8A9119A48714005D2A93</string>
			<key>isa</key>
			<string>PBXBuildFile</string>
		</dict>
		<key>C88B8A9319A48714005D2A93</key>
		<dict>
			<key>children</key>
			<array>
				<string>C88B8A9419A48714005D2A93</string>
			</array>
			<key>isa</key>
			<string>PBXVariantGroup</string>
			<key>name</key>
			<string>Main.storyboard</string>
			<key>sourceTree</key>
			<string>&lt;group&gt;</string>
		</dict>
		<key>C88B8A9419A48714005D2A93</key>
		<dict>
			<key>isa</key>
			<string>PBXFileReference</string>
			<key>lastKnownFileType</key>
			<string>file.storyboard</string>
			<key>name</key>
			<string>Base</string>
			<key>path</key>
			<string>Base.lproj/Main.storyboard</string>
			<key>sourceTree</key>
			<string>&lt;group&gt;</string>
		</dict>
		<key>C88B8A9519A48714005D2A93</key>
		<dict>
			<key>fileRef</key>
			<string>C88B8A9319A48714005D2A93</string>
			<key>isa</key>
			<string>PBXBuildFile</string>
		</dict>
		<key>C88B8A9619A48714005D2A93</key>
		<dict>
			<key>isa</key>
			<string>PBXFileReference</string>
			<key>lastKnownFileType</key>
			<string>sourcecode.c.h</string>
			<key>path</key>
			<string>ViewController.h</string>
			<key>sourceTree</key>
			<string>&lt;group&gt;</string>
		</dict>
		<key>C88B8A9719A48714005D2A93</key>
		<dict>
			<key>isa</key>
			<string>PBXFileReference</string>
			<key>lastKnownFileType</key>
			<string>sourcecode.c.objc</string>
			<key>path</key>
			<string>ViewController.m</string>
			<key>sourceTree</key>
			<string>&lt;group&gt;</string>
		</dict>
		<key>C88B8A9819A48714005D2A93</key>
		<dict>
			<key>fileRef</key>
			<string>C88B8A9719A48714005D2A93</string>
			<key>isa</key>
			<string>PBXBuildFile</string>
		</dict>
		<key>C88B8A9919A48714005D2A93</key>
		<dict>
			<key>isa</key>
			<string>PBXFileReference</string>
			<key>lastKnownFileType</key>
			<string>folder.assetcatalog</string>
			<key>path</key>
			<string>Images.xcassets</string>
			<key>sourceTree</key>
			<string>&lt;group&gt;</string>
		</dict>
		<key>C88B8A9A19A48714005D2A93</key>
		<dict>
			<key>fileRef</key>
			<string>C88B8A9919A48714005D2A93</string>
			<key>isa</key>
			<string>PBXBuildFile</string>
		</dict>
		<key>C88B8A9B19A48714005D2A93</key>
		<dict>
			<key>buildActionMask</key>
			<string>2147483647</string>
			<key>files</key>
			<array>
				<string>C88B8AAD19A48714005D2A93</string>
			</array>
			<key>isa</key>
			<string>PBXSourcesBuildPhase</string>
			<key>runOnlyForDeploymentPostprocessing</key>
			<string>0</string>
		</dict>
		<key>C88B8A9C19A48714005D2A93</key>
		<dict>
			<key>buildActionMask</key>
			<string>2147483647</string>
			<key>files</key>
			<array>
				<string>C88B8AA319A48714005D2A93</string>
				<string>C88B8AA219A48714005D2A93</string>
			</array>
			<key>isa</key>
			<string>PBXFrameworksBuildPhase</string>
			<key>runOnlyForDeploymentPostprocessing</key>
			<string>0</string>
		</dict>
		<key>C88B8A9D19A48714005D2A93</key>
		<dict>
			<key>buildActionMask</key>
			<string>2147483647</string>
			<key>files</key>
			<array>
				<string>C88B8AAB19A48714005D2A93</string>
			</array>
			<key>isa</key>
			<string>PBXResourcesBuildPhase</string>
			<key>runOnlyForDeploymentPostprocessing</key>
			<string>0</string>
		</dict>
		<key>C88B8A9E19A48714005D2A93</key>
		<dict>
			<key>buildConfigurationList</key>
			<string>C88B8AB319A48714005D2A93</string>
			<key>buildPhases</key>
			<array>
				<string>C88B8A9B19A48714005D2A93</string>
				<string>C88B8A9C19A48714005D2A93</string>
				<string>C88B8A9D19A48714005D2A93</string>
			</array>
			<key>buildRules</key>
			<array/>
			<key>dependencies</key>
			<array>
				<string>C88B8AA519A48714005D2A93</string>
			</array>
			<key>isa</key>
			<string>PBXNativeTarget</string>
			<key>name</key>
			<string>testTests</string>
			<key>productName</key>
			<string>testTests</string>
			<key>productReference</key>
			<string>C88B8A9F19A48714005D2A93</string>
			<key>productType</key>
			<string>com.apple.product-type.bundle.unit-test</string>
		</dict>
		<key>C88B8A9F19A48714005D2A93</key>
		<dict>
			<key>explicitFileType</key>
			<string>wrapper.cfbundle</string>
			<key>includeInIndex</key>
			<string>0</string>
			<key>isa</key>
			<string>PBXFileReference</string>
			<key>path</key>
			<string>testTests.xctest</string>
			<key>sourceTree</key>
			<string>BUILT_PRODUCTS_DIR</string>
		</dict>
		<key>C88B8AA219A48714005D2A93</key>
		<dict>
			<key>fileRef</key>
			<string>C88B8A8119A48714005D2A93</string>
			<key>isa</key>
			<string>PBXBuildFile</string>
		</dict>
		<key>C88B8AA319A48714005D2A93</key>
		<dict>
			<key>fileRef</key>
			<string>C88B8A8519A48714005D2A93</string>
			<key>isa</key>
			<string>PBXBuildFile</string>
		</dict>
		<key>C88B8AA419A48714005D2A93</key>
		<dict>
			<key>containerPortal</key>
			<string>C88B8A7619A48714005D2A93</string>
			<key>isa</key>
			<string>PBXContainerItemProxy</string>
			<key>proxyType</key>
			<string>1</string>
			<key>remoteGlobalIDString</key>
			<string>C88B8A7D19A48714005D2A93</string>
			<key>remoteInfo</key>
			<string>test</string>
		</dict>
		<key>C88B8AA519A48714005D2A93</key>
		<dict>
			<key>isa</key>
			<string>PBXTargetDependency</string>
			<key>target</key>
			<string>C88B8A7D19A48714005D2A93</string>
			<key>targetProxy</key>
			<string>C88B8AA419A48714005D2A93</string>
		</dict>
		<key>C88B8AA619A48714005D2A93</key>
		<dict>
			<key>children</key>
			<array>
				<string>C88B8AAC19A48714005D2A93</string>
				<string>C88B8AA719A48714005D2A93</string>
			</array>
			<key>isa</key>
			<string>PBXGroup</string>
			<key>path</key>
			<string>testTests</string>
			<key>sourceTree</key>
			<string>&lt;group&gt;</string>
		</dict>
		<key>C88B8AA719A48714005D2A93</key>
		<dict>
			<key>children</key>
			<array>
				<string>C88B8AA819A48714005D2A93</string>
				<string>C88B8AA919A48714005D2A93</string>
			</array>
			<key>isa</key>
			<string>PBXGroup</string>
			<key>name</key>
			<string>Supporting Files</string>
			<key>sourceTree</key>
			<string>&lt;group&gt;</string>
		</dict>
		<key>C88B8AA819A48714005D2A93</key>
		<dict>
			<key>isa</key>
			<string>PBXFileReference</string>
			<key>lastKnownFileType</key>
			<string>text.plist.xml</string>
			<key>path</key>
			<string>testTests-Info.plist</string>
			<key>sourceTree</key>
			<string>&lt;group&gt;</string>
		</dict>
		<key>C88B8AA919A48714005D2A93</key>
		<dict>
			<key>children</key>
			<array>
				<string>C88B8AAA19A48714005D2A93</string>
			</array>
			<key>isa</key>
			<string>PBXVariantGroup</string>
			<key>name</key>
			<string>InfoPlist.strings</string>
			<key>sourceTree</key>
			<string>&lt;group&gt;</string>
		</dict>
		<key>C88B8AAA19A48714005D2A93</key>
		<dict>
			<key>isa</key>
			<string>PBXFileReference</string>
			<key>lastKnownFileType</key>
			<string>text.plist.strings</string>
			<key>name</key>
			<string>en</string>
			<key>path</key>
			<string>en.lproj/InfoPlist.strings</string>
			<key>sourceTree</key>
			<string>&lt;group&gt;</string>
		</dict>
		<key>C88B8AAB19A48714005D2A93</key>
		<dict>
			<key>fileRef</key>
			<string>C88B8AA919A48714005D2A93</string>
			<key>isa</key>
			<string>PBXBuildFile</string>
		</dict>
		<key>C88B8AAC19A48714005D2A93</key>
		<dict>
			<key>isa</key>
			<string>PBXFileReference</string>
			<key>lastKnownFileType</key>
			<string>sourcecode.c.objc</string>
			<key>path</key>
			<string>testTests.m</string>
			<key>sourceTree</key>
			<string>&lt;group&gt;</string>
		</dict>
		<key>C88B8AAD19A48714005D2A93</key>
		<dict>
			<key>fileRef</key>
			<string>C88B8AAC19A48714005D2A93</string>
			<key>isa</key>
			<string>PBXBuildFile</string>
		</dict>
		<key>C88B8AAE19A48714005D2A93</key>
		<dict>
			<key>buildSettings</key>
			<dict>
				<key>ALWAYS_SEARCH_USER_PATHS</key>
				<string>NO</string>
				<key>CLANG_CXX_LANGUAGE_STANDARD</key>
				<string>gnu++0x</string>
				<key>CLANG_CXX_LIBRARY</key>
				<string>libc++</string>
				<key>CLANG_ENABLE_MODULES</key>
				<string>YES</string>
				<key>CLANG_ENABLE_OBJC_ARC</key>
				<string>YES</string>
				<key>CLANG_WARN_BOOL_CONVERSION</key>
				<string>YES</string>
				<key>CLANG_WARN_CONSTANT_CONVERSION</key>
				<string>YES</string>
				<key>CLANG_WARN_DIRECT_OBJC_ISA_USAGE</key>
				<string>YES_ERROR</string>
				<key>CLANG_WARN_EMPTY_BODY</key>
				<string>YES</string>
				<key>CLANG_WARN_ENUM_CONVERSION</key>
				<string>YES</string>
				<key>CLANG_WARN_INT_CONVERSION</key>
				<string>YES</string>
				<key>CLANG_WARN_OBJC_ROOT_CLASS</key>
				<string>YES_ERROR</string>
				<key>CLANG_WARN__DUPLICATE_METHOD_MATCH</key>
				<string>YES</string>
				<key>CODE_SIGN_IDENTITY[sdk=iphoneos*]</key>
				<string>iPhone Developer</string>
				<key>COPY_PHASE_STRIP</key>
				<string>NO</string>
				<key>GCC_C_LANGUAGE_STANDARD</key>
				<string>gnu99</string>
				<key>GCC_DYNAMIC_NO_PIC</key>
				<string>NO</string>
				<key>GCC_OPTIMIZATION_LEVEL</key>
				<string>0</string>
				<key>GCC_PREPROCESSOR_DEFINITIONS</key>
				<array>
					<string>DEBUG=1</string>
					<string>$(inherited)</string>
				</array>
				<key>GCC_SYMBOLS_PRIVATE_EXTERN</key>
				<string>NO</string>
				<key>GCC_WARN_64_TO_32_BIT_CONVERSION</key>
				<string>YES</string>
				<key>GCC_WARN_ABOUT_RETURN_TYPE</key>
				<string>YES_ERROR</string>
				<key>GCC_WARN_UNDECLARED_SELECTOR</key>
				<string>YES</string>
				<key>GCC_WARN_UNINITIALIZED_AUTOS</key>
				<string>YES_AGGRESSIVE</string>
				<key>GCC_WARN_UNUSED_FUNCTION</key>
				<string>YES</string>
				<key>GCC_WARN_UNUSED_VARIABLE</key>
				<string>YES</string>
				<key>IPHONEOS_DEPLOYMENT_TARGET</key>
				<string>7.1</string>
				<key>ONLY_ACTIVE_ARCH</key>
				<string>YES</string>
				<key>SDKROOT</key>
				<string>iphoneos</string>
			</dict>
			<key>isa</key>
			<string>XCBuildConfiguration</string>
			<key>name</key>
			<string>Debug</string>
		</dict>
		<key>C88B8AAF19A48714005D2A93</key>
		<dict>
			<key>buildSettings</key>
			<dict>
				<key>ALWAYS_SEARCH_USER_PATHS</key>
				<string>NO</string>
				<key>CLANG_CXX_LANGUAGE_STANDARD</key>
				<string>gnu++0x</string>
				<key>CLANG_CXX_LIBRARY</key>
				<string>libc++</string>
				<key>CLANG_ENABLE_MODULES</key>
				<string>YES</string>
				<key>CLANG_ENABLE_OBJC_ARC</key>
				<string>YES</string>
				<key>CLANG_WARN_BOOL_CONVERSION</key>
				<string>YES</string>
				<key>CLANG_WARN_CONSTANT_CONVERSION</key>
				<string>YES</string>
				<key>CLANG_WARN_DIRECT_OBJC_ISA_USAGE</key>
				<string>YES_ERROR</string>
				<key>CLANG_WARN_EMPTY_BODY</key>
				<string>YES</string>
				<key>CLANG_WARN_ENUM_CONVERSION</key>
				<string>YES</string>
				<key>CLANG_WARN_INT_CONVERSION</key>
				<string>YES</string>
				<key>CLANG_WARN_OBJC_ROOT_CLASS</key>
				<string>YES_ERROR</string>
				<key>CLANG_WARN__DUPLICATE_METHOD_MATCH</key>
				<string>YES</string>
				<key>CODE_SIGN_IDENTITY[sdk=iphoneos*]</key>
				<string>iPhone Developer</string>
				<key>COPY_PHASE_STRIP</key>
				<string>YES</string>
				<key>ENABLE_NS_ASSERTIONS</key>
				<string>NO</string>
				<key>GCC_C_LANGUAGE_STANDARD</key>
				<string>gnu99</string>
				<key>GCC_WARN_64_TO_32_BIT_CONVERSION</key>
				<string>YES</string>
				<key>GCC_WARN_ABOUT_RETURN_TYPE</key>
				<string>YES_ERROR</string>
				<key>GCC_WARN_UNDECLARED_SELECTOR</key>
				<string>YES</string>
				<key>GCC_WARN_UNINITIALIZED_AUTOS</key>
				<string>YES_AGGRESSIVE</string>
				<key>GCC_WARN_UNUSED_FUNCTION</key>
				<string>YES</string>
				<key>GCC_WARN_UNUSED_VARIABLE</key>
				<string>YES</string>
				<key>IPHONEOS_DEPLOYMENT_TARGET</key>
				<string>7.1</string>
				<key>SDKROOT</key>
				<string>iphoneos</string>
				<key>VALIDATE_PRODUCT</key>
				<string>YES</string>
			</dict>
			<key>isa</key>
			<string>XCBuildConfiguration</string>
			<key>name</key>
			<string>Release</string>
		</dict>
		<key>C88B8AB019A48714005D2A93</key>
		<dict>
			<key>buildConfigurations</key>
			<array>
				<string>C88B8AB119A48714005D2A93</string>
				<string>C88B8AB219A48714005D2A93</string>
			</array>
			<key>defaultConfigurationIsVisible</key>
			<string>0</string>
			<key>defaultConfigurationName</key>
			<string>Release</string>
			<key>isa</key>
			<string>XCConfigurationList</string>
		</dict>
		<key>C88B8AB119A48714005D2A93</key>
		<dict>
			<key>baseConfigurationReference</key>
			<string>909F75E3B64BE1E9123D39D3</string>
			<key>buildSettings</key>
			<dict>
				<key>ASSETCATALOG_COMPILER_APPICON_NAME</key>
				<string>AppIcon</string>
				<key>ASSETCATALOG_COMPILER_LAUNCHIMAGE_NAME</key>
				<string>LaunchImage</string>
				<key>CODE_SIGN_IDENTITY</key>
				<string>iPhone Developer</string>
				<key>CODE_SIGN_IDENTITY[sdk=iphoneos*]</key>
				<string>iPhone Developer</string>
				<key>GCC_PRECOMPILE_PREFIX_HEADER</key>
				<string>YES</string>
				<key>GCC_PREFIX_HEADER</key>
				<string>test/test-Prefix.pch</string>
				<key>INFOPLIST_FILE</key>
				<string>test/test-Info.plist</string>
				<key>IPHONEOS_DEPLOYMENT_TARGET</key>
				<string>6.0</string>
				<key>LIBRARY_SEARCH_PATHS</key>
				<string></string>
				<key>PRODUCT_NAME</key>
				<string>$(TARGET_NAME)</string>
				<key>TARGETED_DEVICE_FAMILY</key>
				<string>1</string>
				<key>WRAPPER_EXTENSION</key>
				<string>app</string>
			</dict>
			<key>isa</key>
			<string>XCBuildConfiguration</string>
			<key>name</key>
			<string>Debug</string>
		</dict>
		<key>C88B8AB219A48714005D2A93</key>
		<dict>
			<key>baseConfigurationReference</key>
			<string>8F191778237DD23CA8059B40</string>
			<key>buildSettings</key>
			<dict>
				<key>ASSETCATALOG_COMPILER_APPICON_NAME</key>
				<string>AppIcon</string>
				<key>ASSETCATALOG_COMPILER_LAUNCHIMAGE_NAME</key>
				<string>LaunchImage</string>
				<key>CODE_SIGN_IDENTITY</key>
				<string>iPhone Distribution</string>
				<key>CODE_SIGN_IDENTITY[sdk=iphoneos*]</key>
				<string>iPhone Distribution</string>
				<key>GCC_PRECOMPILE_PREFIX_HEADER</key>
				<string>YES</string>
				<key>GCC_PREFIX_HEADER</key>
				<string>test/test-Prefix.pch</string>
				<key>INFOPLIST_FILE</key>
				<string>test/test-Info.plist</string>
				<key>IPHONEOS_DEPLOYMENT_TARGET</key>
				<string>6.0</string>
				<key>LIBRARY_SEARCH_PATHS</key>
				<string></string>
				<key>PRODUCT_NAME</key>
				<string>$(TARGET_NAME)</string>
				<key>TARGETED_DEVICE_FAMILY</key>
				<string>1</string>
				<key>WRAPPER_EXTENSION</key>
				<string>app</string>
			</dict>
			<key>isa</key>
			<string>XCBuildConfiguration</string>
			<key>name</key>
			<string>Release</string>
		</dict>
		<key>C88B8AB319A48714005D2A93</key>
		<dict>
			<key>buildConfigurations</key>
			<array>
				<string>C88B8AB419A48714005D2A93</string>
				<string>C88B8AB519A48714005D2A93</string>
			</array>
			<key>defaultConfigurationIsVisible</key>
			<string>0</string>
			<key>defaultConfigurationName</key>
			<string>Release</string>
			<key>isa</key>
			<string>XCConfigurationList</string>
		</dict>
		<key>C88B8AB419A48714005D2A93</key>
		<dict>
			<key>buildSettings</key>
			<dict>
				<key>BUNDLE_LOADER</key>
				<string>$(BUILT_PRODUCTS_DIR)/test.app/test</string>
				<key>FRAMEWORK_SEARCH_PATHS</key>
				<array>
					<string>$(SDKROOT)/Developer/Library/Frameworks</string>
					<string>$(inherited)</string>
					<string>$(DEVELOPER_FRAMEWORKS_DIR)</string>
				</array>
				<key>GCC_PRECOMPILE_PREFIX_HEADER</key>
				<string>YES</string>
				<key>GCC_PREFIX_HEADER</key>
				<string>test/test-Prefix.pch</string>
				<key>GCC_PREPROCESSOR_DEFINITIONS</key>
				<array>
					<string>DEBUG=1</string>
					<string>$(inherited)</string>
				</array>
				<key>INFOPLIST_FILE</key>
				<string>testTests/testTests-Info.plist</string>
				<key>PRODUCT_NAME</key>
				<string>$(TARGET_NAME)</string>
				<key>TEST_HOST</key>
				<string>$(BUNDLE_LOADER)</string>
				<key>WRAPPER_EXTENSION</key>
				<string>xctest</string>
			</dict>
			<key>isa</key>
			<string>XCBuildConfiguration</string>
			<key>name</key>
			<string>Debug</string>
		</dict>
		<key>C88B8AB519A48714005D2A93</key>
		<dict>
			<key>buildSettings</key>
			<dict>
				<key>BUNDLE_LOADER</key>
				<string>$(BUILT_PRODUCTS_DIR)/test.app/test</string>
				<key>FRAMEWORK_SEARCH_PATHS</key>
				<array>
					<string>$(SDKROOT)/Developer/Library/Frameworks</string>
					<string>$(inherited)</string>
					<string>$(DEVELOPER_FRAMEWORKS_DIR)</string>
				</array>
				<key>GCC_PRECOMPILE_PREFIX_HEADER</key>
				<string>YES</string>
				<key>GCC_PREFIX_HEADER</key>
				<string>test/test-Prefix.pch</string>
				<key>INFOPLIST_FILE</key>
				<string>testTests/testTests-Info.plist</string>
				<key>PRODUCT_NAME</key>
				<string>$(TARGET_NAME)</string>
				<key>TEST_HOST</key>
				<string>$(BUNDLE_LOADER)</string>
				<key>WRAPPER_EXTENSION</key>
				<string>xctest</string>
			</dict>
			<key>isa</key>
			<string>XCBuildConfiguration</string>
			<key>name</key>
			<string>Release</string>
		</dict>
		<key>C8E1963D1ABA7A180022A973</key>
		<dict>
			<key>isa</key>
			<string>PBXFileReference</string>
			<key>lastKnownFileType</key>
			<string>image.png</string>
			<key>path</key>
			<string>userPosition.png</string>
			<key>sourceTree</key>
			<string>&lt;group&gt;</string>
		</dict>
		<key>C8E1963E1ABA7A180022A973</key>
		<dict>
			<key>isa</key>
			<string>PBXFileReference</string>
			<key>lastKnownFileType</key>
			<string>image.png</string>
			<key>path</key>
			<string>userPosition@2x.png</string>
			<key>sourceTree</key>
			<string>&lt;group&gt;</string>
		</dict>
		<key>C8E1963F1ABA7A180022A973</key>
		<dict>
			<key>fileRef</key>
			<string>C8E1963D1ABA7A180022A973</string>
			<key>isa</key>
			<string>PBXBuildFile</string>
		</dict>
		<key>C8E196401ABA7A180022A973</key>
		<dict>
			<key>fileRef</key>
			<string>C8E1963E1ABA7A180022A973</string>
			<key>isa</key>
			<string>PBXBuildFile</string>
		</dict>
		<key>DE683C44701D4F1C86798750</key>
		<dict>
			<key>buildActionMask</key>
			<string>2147483647</string>
			<key>files</key>
			<array/>
			<key>inputPaths</key>
			<array/>
			<key>isa</key>
			<string>PBXShellScriptBuildPhase</string>
			<key>name</key>
			<string>Copy Pods Resources</string>
			<key>outputPaths</key>
			<array/>
			<key>runOnlyForDeploymentPostprocessing</key>
			<string>0</string>
			<key>shellPath</key>
			<string>/bin/sh</string>
			<key>shellScript</key>
			<string>"${SRCROOT}/Pods/Target Support Files/Pods-test/Pods-test-resources.sh"
</string>
			<key>showEnvVarsInLog</key>
			<string>0</string>
		</dict>
		<key>E5D72573FC1AC8B85F7A5DB6</key>
		<dict>
			<key>children</key>
			<array>
				<string>909F75E3B64BE1E9123D39D3</string>
				<string>8F191778237DD23CA8059B40</string>
			</array>
			<key>isa</key>
			<string>PBXGroup</string>
			<key>name</key>
			<string>Pods</string>
			<key>sourceTree</key>
			<string>&lt;group&gt;</string>
		</dict>
	</dict>
	<key>rootObject</key>
	<string>C88B8A7619A48714005D2A93</string>
</dict>
</plist>
